Microsoft Visual Studio Solution File, Format Version 8.00
Project("{FAE04EC0-301F-11D3-BF4B-00C04F79EFBC}") = "Translation", "http://Localhost:/Translation/Translation.csproj", "{D5ECDECA-EDE0-4FB3-B737-0ADDE7594BB3}"
	ProjectSection(ProjectDependencies) = postProject
	EndProjectSection
EndProject
Global
	GlobalSection(SolutionConfiguration) = preSolution
		Debug = Debug
		Release = Release
	EndGlobalSection
	GlobalSection(ProjectConfiguration) = postSolution
		{D5ECDECA-EDE0-4FB3-B737-0ADDE7594BB3}.Debug.ActiveCfg = Debug|.NET
		{D5ECDECA-EDE0-4FB3-B737-0ADDE7594BB3}.Debug.Build.0 = Debug|.NET
		{D5ECDECA-EDE0-4FB3-B737-0ADDE7594BB3}.Release.ActiveCfg = Release|.NET
		{D5ECDECA-EDE0-4FB3-B737-0ADDE7594BB3}.Release.Build.0 = Release|.NET
	EndGlobalSection
	GlobalSection(ExtensibilityGlobals) = postSolution
	EndGlobalSection
	GlobalSection(ExtensibilityAddIns) = postSolution
	EndGlobalSection
EndGlobal
